// !$*UTF8*$!
{
	archiveVersion = 1;
	classes = {
	};
	objectVersion = 46;
	objects = {

/* Begin PBXBuildFile section */
		B010F40917FEF61A00E5301A /* Foundation.framework in Frameworks */ = {isa = PBXBuildFile; fileRef = B010F40817FEF61A00E5301A /* Foundation.framework */; };
		B010F40B17FEF61A00E5301A /* CoreGraphics.framework in Frameworks */ = {isa = PBXBuildFile; fileRef = B010F40A17FEF61A00E5301A /* CoreGraphics.framework */; };
		B010F40D17FEF61A00E5301A /* UIKit.framework in Frameworks */ = {isa = PBXBuildFile; fileRef = B010F40C17FEF61A00E5301A /* UIKit.framework */; };
		B010F41317FEF61A00E5301A /* InfoPlist.strings in Resources */ = {isa = PBXBuildFile; fileRef = B010F41117FEF61A00E5301A /* InfoPlist.strings */; };
		B010F41517FEF61A00E5301A /* main.m in Sources */ = {isa = PBXBuildFile; fileRef = B010F41417FEF61A00E5301A /* main.m */; };
		B010F41917FEF61A00E5301A /* AppDelegate.m in Sources */ = {isa = PBXBuildFile; fileRef = B010F41817FEF61A00E5301A /* AppDelegate.m */; };
		B010F41C17FEF61A00E5301A /* Main.storyboard in Resources */ = {isa = PBXBuildFile; fileRef = B010F41A17FEF61A00E5301A /* Main.storyboard */; };
		B010F41F17FEF61A00E5301A /* ViewController.m in Sources */ = {isa = PBXBuildFile; fileRef = B010F41E17FEF61A00E5301A /* ViewController.m */; };
		B010F42117FEF61B00E5301A /* Images.xcassets in Resources */ = {isa = PBXBuildFile; fileRef = B010F42017FEF61B00E5301A /* Images.xcassets */; };
		B010F42817FEF61B00E5301A /* XCTest.framework in Frameworks */ = {isa = PBXBuildFile; fileRef = B010F42717FEF61B00E5301A /* XCTest.framework */; };
		B010F42917FEF61B00E5301A /* Foundation.framework in Frameworks */ = {isa = PBXBuildFile; fileRef = B010F40817FEF61A00E5301A /* Foundation.framework */; };
		B010F42A17FEF61B00E5301A /* UIKit.framework in Frameworks */ = {isa = PBXBuildFile; fileRef = B010F40C17FEF61A00E5301A /* UIKit.framework */; };
		B010F43217FEF61B00E5301A /* InfoPlist.strings in Resources */ = {isa = PBXBuildFile; fileRef = B010F43017FEF61B00E5301A /* InfoPlist.strings */; };
		B010F43417FEF61B00E5301A /* ButtonSelectorArgsTests.m in Sources */ = {isa = PBXBuildFile; fileRef = B010F43317FEF61B00E5301A /* ButtonSelectorArgsTests.m */; };
/* End PBXBuildFile section */

/* Begin PBXContainerItemProxy section */
		B010F42B17FEF61B00E5301A /* PBXContainerItemProxy */ = {
			isa = PBXContainerItemProxy;
			containerPortal = B010F3FD17FEF61A00E5301A /* Project object */;
			proxyType = 1;
			remoteGlobalIDString = B010F40417FEF61A00E5301A;
			remoteInfo = ButtonSelectorArgs;
		};
/* End PBXContainerItemProxy section */

/* Begin PBXFileReference section */
		B010F40517FEF61A00E5301A /* ButtonSelectorArgs.app */ = {isa = PBXFileReference; explicitFileType = wrapper.application; includeInIndex = 0; path = ButtonSelectorArgs.app; sourceTree = BUILT_PRODUCTS_DIR; };
		B010F40817FEF61A00E5301A /* Foundation.framework */ = {isa = PBXFileReference; lastKnownFileType = wrapper.framework; name = Foundation.framework; path = System/Library/Frameworks/Foundation.framework; sourceTree = SDKROOT; };
		B010F40A17FEF61A00E5301A /* CoreGraphics.framework */ = {isa = PBXFileReference; lastKnownFileType = wrapper.framework; name = CoreGraphics.framework; path = System/Library/Frameworks/CoreGraphics.framework; sourceTree = SDKROOT; };
		B010F40C17FEF61A00E5301A /* UIKit.framework */ = {isa = PBXFileReference; lastKnownFileType = wrapper.framework; name = UIKit.framework; path = System/Library/Frameworks/UIKit.framework; sourceTree = SDKROOT; };
		B010F41017FEF61A00E5301A /* ButtonSelectorArgs-Info.plist */ = {isa = PBXFileReference; lastKnownFileType = text.plist.xml; path = "ButtonSelectorArgs-Info.plist"; sourceTree = "<group>"; };
		B010F41217FEF61A00E5301A /* en */ = {isa = PBXFileReference; lastKnownFileType = text.plist.strings; name = en; path = en.lproj/InfoPlist.strings; sourceTree = "<group>"; };
		B010F41417FEF61A00E5301A /* main.m */ = {isa = PBXFileReference; lastKnownFileType = sourcecode.c.objc; path = main.m; sourceTree = "<group>"; };
		B010F41617FEF61A00E5301A /* ButtonSelectorArgs-Prefix.pch */ = {isa = PBXFileReference; lastKnownFileType = sourcecode.c.h; path = "ButtonSelectorArgs-Prefix.pch"; sourceTree = "<group>"; };
		B010F41717FEF61A00E5301A /* AppDelegate.h */ = {isa = PBXFileReference; lastKnownFileType = sourcecode.c.h; path = AppDelegate.h; sourceTree = "<group>"; };
		B010F41817FEF61A00E5301A /* AppDelegate.m */ = {isa = PBXFileReference; lastKnownFileType = sourcecode.c.objc; path = AppDelegate.m; sourceTree = "<group>"; };
		B010F41B17FEF61A00E5301A /* Base */ = {isa = PBXFileReference; lastKnownFileType = file.storyboard; name = Base; path = Base.lproj/Main.storyboard; sourceTree = "<group>"; };
		B010F41D17FEF61A00E5301A /* ViewController.h */ = {isa = PBXFileReference; lastKnownFileType = sourcecode.c.h; path = ViewController.h; sourceTree = "<group>"; };
		B010F41E17FEF61A00E5301A /* ViewController.m */ = {isa = PBXFileReference; lastKnownFileType = sourcecode.c.objc; path = ViewController.m; sourceTree = "<group>"; };
		B010F42017FEF61B00E5301A /* Images.xcassets */ = {isa = PBXFileReference; lastKnownFileType = folder.assetcatalog; path = Images.xcassets; sourceTree = "<group>"; };
		B010F42617FEF61B00E5301A /* ButtonSelectorArgsTests.xctest */ = {isa = PBXFileReference; explicitFileType = wrapper.cfbundle; includeInIndex = 0; path = ButtonSelectorArgsTests.xctest; sourceTree = BUILT_PRODUCTS_DIR; };
		B010F42717FEF61B00E5301A /* XCTest.framework */ = {isa = PBXFileReference; lastKnownFileType = wrapper.framework; name = XCTest.framework; path = Library/Frameworks/XCTest.framework; sourceTree = DEVELOPER_DIR; };
		B010F42F17FEF61B00E5301A /* ButtonSelectorArgsTests-Info.plist */ = {isa = PBXFileReference; lastKnownFileType = text.plist.xml; path = "ButtonSelectorArgsTests-Info.plist"; sourceTree = "<group>"; };
		B010F43117FEF61B00E5301A /* en */ = {isa = PBXFileReference; lastKnownFileType = text.plist.strings; name = en; path = en.lproj/InfoPlist.strings; sourceTree = "<group>"; };
		B010F43317FEF61B00E5301A /* ButtonSelectorArgsTests.m */ = {isa = PBXFileReference; lastKnownFileType = sourcecode.c.objc; path = ButtonSelectorArgsTests.m; sourceTree = "<group>"; };
/* End PBXFileReference section */

/* Begin PBXFrameworksBuildPhase section */
		B010F40217FEF61A00E5301A /* Frameworks */ = {
			isa = PBXFrameworksBuildPhase;
			buildActionMask = 2147483647;
			files = (
				B010F40B17FEF61A00E5301A /* CoreGraphics.framework in Frameworks */,
				B010F40D17FEF61A00E5301A /* UIKit.framework in Frameworks */,
				B010F40917FEF61A00E5301A /* Foundation.framework in Frameworks */,
			);
			runOnlyForDeploymentPostprocessing = 0;
		};
		B010F42317FEF61B00E5301A /* Frameworks */ = {
			isa = PBXFrameworksBuildPhase;
			buildActionMask = 2147483647;
			files = (
				B010F42817FEF61B00E5301A /* XCTest.framework in Frameworks */,
				B010F42A17FEF61B00E5301A /* UIKit.framework in Frameworks */,
				B010F42917FEF61B00E5301A /* Foundation.framework in Frameworks */,
			);
			runOnlyForDeploymentPostprocessing = 0;
		};
/* End PBXFrameworksBuildPhase section */

/* Begin PBXGroup section */
		B010F3FC17FEF61A00E5301A = {
			isa = PBXGroup;
			children = (
				B010F40E17FEF61A00E5301A /* ButtonSelectorArgs */,
				B010F42D17FEF61B00E5301A /* ButtonSelectorArgsTests */,
				B010F40717FEF61A00E5301A /* Frameworks */,
				B010F40617FEF61A00E5301A /* Products */,
			);
			sourceTree = "<group>";
		};
		B010F40617FEF61A00E5301A /* Products */ = {
			isa = PBXGroup;
			children = (
				B010F40517FEF61A00E5301A /* ButtonSelectorArgs.app */,
				B010F42617FEF61B00E5301A /* ButtonSelectorArgsTests.xctest */,
			);
			name = Products;
			sourceTree = "<group>";
		};
		B010F40717FEF61A00E5301A /* Frameworks */ = {
			isa = PBXGroup;
			children = (
				B010F40817FEF61A00E5301A /* Foundation.framework */,
				B010F40A17FEF61A00E5301A /* CoreGraphics.framework */,
				B010F40C17FEF61A00E5301A /* UIKit.framework */,
				B010F42717FEF61B00E5301A /* XCTest.framework */,
			);
			name = Frameworks;
			sourceTree = "<group>";
		};
		B010F40E17FEF61A00E5301A /* ButtonSelectorArgs */ = {
			isa = PBXGroup;
			children = (
				B010F41717FEF61A00E5301A /* AppDelegate.h */,
				B010F41817FEF61A00E5301A /* AppDelegate.m */,
				B010F41A17FEF61A00E5301A /* Main.storyboard */,
				B010F41D17FEF61A00E5301A /* ViewController.h */,
				B010F41E17FEF61A00E5301A /* ViewController.m */,
				B010F42017FEF61B00E5301A /* Images.xcassets */,
				B010F40F17FEF61A00E5301A /* Supporting Files */,
			);
			path = ButtonSelectorArgs;
			sourceTree = "<group>";
		};
		B010F40F17FEF61A00E5301A /* Supporting Files */ = {
			isa = PBXGroup;
			children = (
				B010F41017FEF61A00E5301A /* ButtonSelectorArgs-Info.plist */,
				B010F41117FEF61A00E5301A /* InfoPlist.strings */,
				B010F41417FEF61A00E5301A /* main.m */,
				B010F41617FEF61A00E5301A /* ButtonSelectorArgs-Prefix.pch */,
			);
			name = "Supporting Files";
			sourceTree = "<group>";
		};
		B010F42D17FEF61B00E5301A /* ButtonSelectorArgsTests */ = {
			isa = PBXGroup;
			children = (
				B010F43317FEF61B00E5301A /* ButtonSelectorArgsTests.m */,
				B010F42E17FEF61B00E5301A /* Supporting Files */,
			);
			path = ButtonSelectorArgsTests;
			sourceTree = "<group>";
		};
		B010F42E17FEF61B00E5301A /* Supporting Files */ = {
			isa = PBXGroup;
			children = (
				B010F42F17FEF61B00E5301A /* ButtonSelectorArgsTests-Info.plist */,
				B010F43017FEF61B00E5301A /* InfoPlist.strings */,
			);
			name = "Supporting Files";
			sourceTree = "<group>";
		};
/* End PBXGroup section */

/* Begin PBXNativeTarget section */
		B010F40417FEF61A00E5301A /* ButtonSelectorArgs */ = {
			isa = PBXNativeTarget;
			buildConfigurationList = B010F43717FEF61B00E5301A /* Build configuration list for PBXNativeTarget "ButtonSelectorArgs" */;
			buildPhases = (
				B010F40117FEF61A00E5301A /* Sources */,
				B010F40217FEF61A00E5301A /* Frameworks */,
				B010F40317FEF61A00E5301A /* Resources */,
			);
			buildRules = (
			);
			dependencies = (
			);
			name = ButtonSelectorArgs;
			productName = ButtonSelectorArgs;
			productReference = B010F40517FEF61A00E5301A /* ButtonSelectorArgs.app */;
			productType = "com.apple.product-type.application";
		};
		B010F42517FEF61B00E5301A /* ButtonSelectorArgsTests */ = {
			isa = PBXNativeTarget;
			buildConfigurationList = B010F43A17FEF61B00E5301A /* Build configuration list for PBXNativeTarget "ButtonSelectorArgsTests" */;
			buildPhases = (
				B010F42217FEF61B00E5301A /* Sources */,
				B010F42317FEF61B00E5301A /* Frameworks */,
				B010F42417FEF61B00E5301A /* Resources */,
			);
			buildRules = (
			);
			dependencies = (
				B010F42C17FEF61B00E5301A /* PBXTargetDependency */,
			);
			name = ButtonSelectorArgsTests;
			productName = ButtonSelectorArgsTests;
			productReference = B010F42617FEF61B00E5301A /* ButtonSelectorArgsTests.xctest */;
			productType = "com.apple.product-type.bundle.unit-test";
		};
/* End PBXNativeTarget section */

/* Begin PBXProject section */
		B010F3FD17FEF61A00E5301A /* Project object */ = {
			isa = PBXProject;
			attributes = {
				LastUpgradeCheck = 0500;
				ORGANIZATIONNAME = navzou;
				TargetAttributes = {
					B010F42517FEF61B00E5301A = {
						TestTargetID = B010F40417FEF61A00E5301A;
					};
				};
			};
			buildConfigurationList = B010F40017FEF61A00E5301A /* Build configuration list for PBXProject "ButtonSelectorArgs" */;
			compatibilityVersion = "Xcode 3.2";
			developmentRegion = English;
			hasScannedForEncodings = 0;
			knownRegions = (
				en,
				Base,
			);
			mainGroup = B010F3FC17FEF61A00E5301A;
			productRefGroup = B010F40617FEF61A00E5301A /* Products */;
			projectDirPath = "";
			projectRoot = "";
			targets = (
				B010F40417FEF61A00E5301A /* ButtonSelectorArgs */,
				B010F42517FEF61B00E5301A /* ButtonSelectorArgsTests */,
			);
		};
/* End PBXProject section */

/* Begin PBXResourcesBuildPhase section */
		B010F40317FEF61A00E5301A /* Resources */ = {
			isa = PBXResourcesBuildPhase;
			buildActionMask = 2147483647;
			files = (
				B010F42117FEF61B00E5301A /* Images.xcassets in Resources */,
				B010F41317FEF61A00E5301A /* InfoPlist.strings in Resources */,
				B010F41C17FEF61A00E5301A /* Main.storyboard in Resources */,
			);
			runOnlyForDeploymentPostprocessing = 0;
		};
		B010F42417FEF61B00E5301A /* Resources */ = {
			isa = PBXResourcesBuildPhase;
			buildActionMask = 2147483647;
			files = (
				B010F43217FEF61B00E5301A /* InfoPlist.strings in Resources */,
			);
			runOnlyForDeploymentPostprocessing = 0;
		};
/* End PBXResourcesBuildPhase section */

/* Begin PBXSourcesBuildPhase section */
		B010F40117FEF61A00E5301A /* Sources */ = {
			isa = PBXSourcesBuildPhase;
			buildActionMask = 2147483647;
			files = (
				B010F41F17FEF61A00E5301A /* ViewController.m in Sources */,
				B010F41917FEF61A00E5301A /* AppDelegate.m in Sources */,
				B010F41517FEF61A00E5301A /* main.m in Sources */,
			);
			runOnlyForDeploymentPostprocessing = 0;
		};
		B010F42217FEF61B00E5301A /* Sources */ = {
			isa = PBXSourcesBuildPhase;
			buildActionMask = 2147483647;
			files = (
				B010F43417FEF61B00E5301A /* ButtonSelectorArgsTests.m in Sources */,
			);
			runOnlyForDeploymentPostprocessing = 0;
		};
/* End PBXSourcesBuildPhase section */

/* Begin PBXTargetDependency section */
		B010F42C17FEF61B00E5301A /* PBXTargetDependency */ = {
			isa = PBXTargetDependency;
			target = B010F40417FEF61A00E5301A /* ButtonSelectorArgs */;
			targetProxy = B010F42B17FEF61B00E5301A /* PBXContainerItemProxy */;
		};
/* End PBXTargetDependency section */

/* Begin PBXVariantGroup section */
		B010F41117FEF61A00E5301A /* InfoPlist.strings */ = {
			isa = PBXVariantGroup;
			children = (
				B010F41217FEF61A00E5301A /* en */,
			);
			name = InfoPlist.strings;
			sourceTree = "<group>";
		};
		B010F41A17FEF61A00E5301A /* Main.storyboard */ = {
			isa = PBXVariantGroup;
			children = (
				B010F41B17FEF61A00E5301A /* Base */,
			);
			name = Main.storyboard;
			sourceTree = "<group>";
		};
		B010F43017FEF61B00E5301A /* InfoPlist.strings */ = {
			isa = PBXVariantGroup;
			children = (
				B010F43117FEF61B00E5301A /* en */,
			);
			name = InfoPlist.strings;
			sourceTree = "<group>";
		};
/* End PBXVariantGroup section */

/* Begin XCBuildConfiguration section */
		B010F43517FEF61B00E5301A /* Debug */ = {
			isa = XCBuildConfiguration;
			buildSettings = {
				ALWAYS_SEARCH_USER_PATHS = NO;
				ARCHS = "$(ARCHS_STANDARD_INCLUDING_64_BIT)";
				CLANG_CXX_LANGUAGE_STANDARD = "gnu++0x";
				CLANG_CXX_LIBRARY = "libc++";
				CLANG_ENABLE_MODULES = YES;
				CLANG_ENABLE_OBJC_ARC = YES;
				CLANG_WARN_BOOL_CONVERSION = YES;
				CLANG_WARN_CONSTANT_CONVERSION = YES;
				CLANG_WARN_DIRECT_OBJC_ISA_USAGE = YES_ERROR;
				CLANG_WARN_EMPTY_BODY = YES;
				CLANG_WARN_ENUM_CONVERSION = YES;
				CLANG_WARN_INT_CONVERSION = YES;
				CLANG_WARN_OBJC_ROOT_CLASS = YES_ERROR;
				CLANG_WARN__DUPLICATE_METHOD_MATCH = YES;
				"CODE_SIGN_IDENTITY[sdk=iphoneos*]" = "iPhone Developer";
				COPY_PHASE_STRIP = NO;
				GCC_C_LANGUAGE_STANDARD = gnu99;
				GCC_DYNAMIC_NO_PIC = NO;
				GCC_OPTIMIZATION_LEVEL = 0;
				GCC_PREPROCESSOR_DEFINITIONS = (
					"DEBUG=1",
					"$(inherited)",
				);
				GCC_SYMBOLS_PRIVATE_EXTERN = NO;
				GCC_WARN_64_TO_32_BIT_CONVERSION = YES;
				GCC_WARN_ABOUT_RETURN_TYPE = YES_ERROR;
				GCC_WARN_UNDECLARED_SELECTOR = YES;
				GCC_WARN_UNINITIALIZED_AUTOS = YES;
				GCC_WARN_UNUSED_FUNCTION = YES;
				GCC_WARN_UNUSED_VARIABLE = YES;
				IPHONEOS_DEPLOYMENT_TARGET = 7.0;
				ONLY_ACTIVE_ARCH = YES;
				SDKROOT = iphoneos;
			};
			name = Debug;
		};
		B010F43617FEF61B00E5301A /* Release */ = {
			isa = XCBuildConfiguration;
			buildSettings = {
				ALWAYS_SEARCH_USER_PATHS = NO;
				ARCHS = "$(ARCHS_STANDARD_INCLUDING_64_BIT)";
				CLANG_CXX_LANGUAGE_STANDARD = "gnu++0x";
				CLANG_CXX_LIBRARY = "libc++";
				CLANG_ENABLE_MODULES = YES;
				CLANG_ENABLE_OBJC_ARC = YES;
				CLANG_WARN_BOOL_CONVERSION = YES;
				CLANG_WARN_CONSTANT_CONVERSION = YES;
				CLANG_WARN_DIRECT_OBJC_ISA_USAGE = YES_ERROR;
				CLANG_WARN_EMPTY_BODY = YES;
				CLANG_WARN_ENUM_CONVERSION = YES;
				CLANG_WARN_INT_CONVERSION = YES;
				CLANG_WARN_OBJC_ROOT_CLASS = YES_ERROR;
				CLANG_WARN__DUPLICATE_METHOD_MATCH = YES;
				"CODE_SIGN_IDENTITY[sdk=iphoneos*]" = "iPhone Developer";
				COPY_PHASE_STRIP = YES;
				ENABLE_NS_ASSERTIONS = NO;
				GCC_C_LANGUAGE_STANDARD = gnu99;
				GCC_WARN_64_TO_32_BIT_CONVERSION = YES;
				GCC_WARN_ABOUT_RETURN_TYPE = YES_ERROR;
				GCC_WARN_UNDECLARED_SELECTOR = YES;
				GCC_WARN_UNINITIALIZED_AUTOS = YES;
				GCC_WARN_UNUSED_FUNCTION = YES;
				GCC_WARN_UNUSED_VARIABLE = YES;
				IPHONEOS_DEPLOYMENT_TARGET = 7.0;
				SDKROOT = iphoneos;
				VALIDATE_PRODUCT = YES;
			};
			name = Release;
		};
		B010F43817FEF61B00E5301A /* Debug */ = {
			isa = XCBuildConfiguration;
			buildSettings = {
				ASSETCATALOG_COMPILER_APPICON_NAME = AppIcon;
				ASSETCATALOG_COMPILER_LAUNCHIMAGE_NAME = LaunchImage;
				GCC_PRECOMPILE_PREFIX_HEADER = YES;
				GCC_PREFIX_HEADER = "ButtonSelectorArgs/ButtonSelectorArgs-Prefix.pch";
				INFOPLIST_FILE = "ButtonSelectorArgs/ButtonSelectorArgs-Info.plist";
				PRODUCT_NAME = "$(TARGET_NAME)";
				WRAPPER_EXTENSION = app;
			};
			name = Debug;
		};
		B010F43917FEF61B00E5301A /* Release */ = {
			isa = XCBuildConfiguration;
			buildSettings = {
				ASSETCATALOG_COMPILER_APPICON_NAME = AppIcon;
				ASSETCATALOG_COMPILER_LAUNCHIMAGE_NAME = LaunchImage;
				GCC_PRECOMPILE_PREFIX_HEADER = YES;
				GCC_PREFIX_HEADER = "ButtonSelectorArgs/ButtonSelectorArgs-Prefix.pch";
				INFOPLIST_FILE = "ButtonSelectorArgs/ButtonSelectorArgs-Info.plist";
				PRODUCT_NAME = "$(TARGET_NAME)";
				WRAPPER_EXTENSION = app;
			};
			name = Release;
		};
		B010F43B17FEF61B00E5301A /* Debug */ = {
			isa = XCBuildConfiguration;
			buildSettings = {
				ARCHS = "$(ARCHS_STANDARD_INCLUDING_64_BIT)";
				BUNDLE_LOADER = "$(BUILT_PRODUCTS_DIR)/ButtonSelectorArgs.app/ButtonSelectorArgs";
				FRAMEWORK_SEARCH_PATHS = (
					"$(SDKROOT)/Developer/Library/Frameworks",
					"$(inherited)",
					"$(DEVELOPER_FRAMEWORKS_DIR)",
				);
				GCC_PRECOMPILE_PREFIX_HEADER = YES;
				GCC_PREFIX_HEADER = "ButtonSelectorArgs/ButtonSelectorArgs-Prefix.pch";
				GCC_PREPROCESSOR_DEFINITIONS = (
					"DEBUG=1",
					"$(inherited)",
				);
				INFOPLIST_FILE = "ButtonSelectorArgsTests/ButtonSelectorArgsTests-Info.plist";
				PRODUCT_NAME = "$(TARGET_NAME)";
				TEST_HOST = "$(BUNDLE_LOADER)";
				WRAPPER_EXTENSION = xctest;
			};
			name = Debug;
		};
		B010F43C17FEF61B00E5301A /* Release */ = {
			isa = XCBuildConfiguration;
			buildSettings = {
				ARCHS = "$(ARCHS_STANDARD_INCLUDING_64_BIT)";
				BUNDLE_LOADER = "$(BUILT_PRODUCTS_DIR)/ButtonSelectorArgs.app/ButtonSelectorArgs";
				FRAMEWORK_SEARCH_PATHS = (
					"$(SDKROOT)/Developer/Library/Frameworks",
					"$(inherited)",
					"$(DEVELOPER_FRAMEWORKS_DIR)",
				);
				GCC_PRECOMPILE_PREFIX_HEADER = YES;
				GCC_PREFIX_HEADER = "ButtonSelectorArgs/ButtonSelectorArgs-Prefix.pch";
				INFOPLIST_FILE = "ButtonSelectorArgsTests/ButtonSelectorArgsTests-Info.plist";
				PRODUCT_NAME = "$(TARGET_NAME)";
				TEST_HOST = "$(BUNDLE_LOADER)";
				WRAPPER_EXTENSION = xctest;
			};
			name = Release;
		};
/* End XCBuildConfiguration section */

/* Begin XCConfigurationList section */
		B010F40017FEF61A00E5301A /* Build configuration list for PBXProject "ButtonSelectorArgs" */ = {
			isa = XCConfigurationList;
			buildConfigurations = (
				B010F43517FEF61B00E5301A /* Debug */,
				B010F43617FEF61B00E5301A /* Release */,
			);
			defaultConfigurationIsVisible = 0;
			defaultConfigurationName = Release;
		};
		B010F43717FEF61B00E5301A /* Build configuration list for PBXNativeTarget "ButtonSelectorArgs" */ = {
			isa = XCConfigurationList;
			buildConfigurations = (
				B010F43817FEF61B00E5301A /* Debug */,
				B010F43917FEF61B00E5301A /* Release */,
			);
			defaultConfigurationIsVisible = 0;
		};
		B010F43A17FEF61B00E5301A /* Build configuration list for PBXNativeTarget "ButtonSelectorArgsTests" */ = {
			isa = XCConfigurationList;
			buildConfigurations = (
				B010F43B17FEF61B00E5301A /* Debug */,
				B010F43C17FEF61B00E5301A /* Release */,
			);
			defaultConfigurationIsVisible = 0;
		};
/* End XCConfigurationList section */
	};
	rootObject = B010F3FD17FEF61A00E5301A /* Project object */;
}
